
Microsoft Visual Studio Solution File, Format Version 12.00
# Visual Studio Version 16
VisualStudioVersion = 16.0.30225.117
MinimumVisualStudioVersion = 10.0.40219.1
Project("{FAE04EC0-301F-11D3-BF4B-00C04F79EFBC}") = "RCT", "RCT\RCT.csproj", "{DE419B86-EEF2-48AC-B31B-FC34C8E0728B}"
EndProject
Project("{2150E333-8FDC-42A3-9474-1A3956D46DE8}") = "Gateway", "Gateway", "{A0780502-3B52-480C-B1D2-1E18CE5350CC}"
EndProject
Project("{2150E333-8FDC-42A3-9474-1A3956D46DE8}") = "examples", "examples", "{B2CEE327-982C-4AF9-B96B-8FD87E0EAC90}"
EndProject
Global
	GlobalSection(SolutionConfigurationPlatforms) = preSolution
		Debug|Any CPU = Debug|Any CPU
		Release|Any CPU = Release|Any CPU
	EndGlobalSection
	GlobalSection(ProjectConfigurationPlatforms) = postSolution
		{DE419B86-EEF2-48AC-B31B-FC34C8E0728B}.Debug|Any CPU.ActiveCfg = Debug|Any CPU
		{DE419B86-EEF2-48AC-B31B-FC34C8E0728B}.Debug|Any CPU.Build.0 = Debug|Any CPU
		{DE419B86-EEF2-48AC-B31B-FC34C8E0728B}.Release|Any CPU.ActiveCfg = Release|Any CPU
		{DE419B86-EEF2-48AC-B31B-FC34C8E0728B}.Release|Any CPU.Build.0 = Release|Any CPU
	EndGlobalSection
	GlobalSection(SolutionProperties) = preSolution
		HideSolutionNode = FALSE
	EndGlobalSection
	GlobalSection(ExtensibilityGlobals) = postSolution
		SolutionGuid = {09201CE6-CF55-4FB8-B071-F5FEA647A459}
	EndGlobalSection
EndGlobal
